# This file is generated by running "yarn install" inside your project.
# Manual changes might be lost - proceed with caution!

__metadata:
  version: 8
  cacheKey: 10c0

"my-project@workspace:.":
  version: 0.0.0-use.local
  resolution: "my-project@workspace:."
  dependencies:
    pglt_testrelease-nightly-3: "npm:0.1.0-rc"
  languageName: unknown
  linkType: soft

"pglt-testrelease-nightly-3-cli-aarch64-apple-darwin@npm:0.1.0-rc":
  version: 0.1.0-rc
  resolution: "pglt-testrelease-nightly-3-cli-aarch64-apple-darwin@npm:0.1.0-rc"
  conditions: os=darwin & cpu=arm64
  languageName: node
  linkType: hard

"pglt-testrelease-nightly-3-cli-aarch64-linux-gnu@npm:0.1.0-rc":
  version: 0.1.0-rc
  resolution: "pglt-testrelease-nightly-3-cli-aarch64-linux-gnu@npm:0.1.0-rc"
  conditions: os=linux & cpu=arm64
  languageName: node
  linkType: hard

"pglt-testrelease-nightly-3-cli-aarch64-windows-msvc@npm:0.1.0-rc":
  version: 0.1.0-rc
  resolution: "pglt-testrelease-nightly-3-cli-aarch64-windows-msvc@npm:0.1.0-rc"
  conditions: os=win32 & cpu=arm64
  languageName: node
  linkType: hard

"pglt-testrelease-nightly-3-cli-x86_64-apple-darwin@npm:0.1.0-rc":
  version: 0.1.0-rc
  resolution: "pglt-testrelease-nightly-3-cli-x86_64-apple-darwin@npm:0.1.0-rc"
  conditions: os=darwin & cpu=x64
  languageName: node
  linkType: hard

"pglt-testrelease-nightly-3-cli-x86_64-linux-gnu@npm:0.1.0-rc":
  version: 0.1.0-rc
  resolution: "pglt-testrelease-nightly-3-cli-x86_64-linux-gnu@npm:0.1.0-rc"
  conditions: os=linux & cpu=x64
  languageName: node
  linkType: hard

"pglt-testrelease-nightly-3-cli-x86_64-windows-msvc@npm:0.1.0-rc":
  version: 0.1.0-rc
  resolution: "pglt-testrelease-nightly-3-cli-x86_64-windows-msvc@npm:0.1.0-rc"
  conditions: os=win32 & cpu=x64
  languageName: node
  linkType: hard

"pglt_testrelease-nightly-3@npm:0.1.0-rc":
  version: 0.1.0-rc
  resolution: "pglt_testrelease-nightly-3@npm:0.1.0-rc"
  dependencies:
    pglt-testrelease-nightly-3-cli-aarch64-apple-darwin: "npm:0.1.0-rc"
    pglt-testrelease-nightly-3-cli-aarch64-linux-gnu: "npm:0.1.0-rc"
    pglt-testrelease-nightly-3-cli-aarch64-windows-msvc: "npm:0.1.0-rc"
    pglt-testrelease-nightly-3-cli-x86_64-apple-darwin: "npm:0.1.0-rc"
    pglt-testrelease-nightly-3-cli-x86_64-linux-gnu: "npm:0.1.0-rc"
    pglt-testrelease-nightly-3-cli-x86_64-windows-msvc: "npm:0.1.0-rc"
  dependenciesMeta:
    pglt-testrelease-nightly-3-cli-aarch64-apple-darwin:
      optional: true
    pglt-testrelease-nightly-3-cli-aarch64-linux-gnu:
      optional: true
    pglt-testrelease-nightly-3-cli-aarch64-windows-msvc:
      optional: true
    pglt-testrelease-nightly-3-cli-x86_64-apple-darwin:
      optional: true
    pglt-testrelease-nightly-3-cli-x86_64-linux-gnu:
      optional: true
    pglt-testrelease-nightly-3-cli-x86_64-windows-msvc:
      optional: true
  bin:
    pglt: bin/pglt
  checksum: 10c0/517165848fd88c7c7cfdcf37d842f798a72ae92329cf492e91753ba11a3c80349292b6cb03d43bdd768dd3a209daab488531ff45d49cef0d66f51957400166c8
  languageName: node
  linkType: hard
