{
  "name": "my-project",
  "lockfileVersion": 3,
  "requires": true,
  "packages": {
    "": {
      "name": "my-project",
      "dependencies": {
        "pglt_testrelease-nightly-3": "0.1.0-rc"
      }
    },
    "node_modules/pglt_testrelease-nightly-3": {
      "version": "0.1.0-rc",
      "resolved": "https://registry.npmjs.org/pglt_testrelease-nightly-3/-/pglt_testrelease-nightly-3-0.1.0-rc.tgz",
      "integrity": "sha512-CrMogJuWYO5B0bnFPwBi9RmPMCMpuB17Va+anT9CmybKVLPqFNGWpQ5hfoG1Rv/KQ0Fs/ssCA0rTs5XDmuqrMg==",
      "license": "MIT or Apache-2.0",
      "bin": {
        "pglt": "bin/pglt"
      },
      "engines": {
        "node": ">=20"
      },
      "optionalDependencies": {
        "pglt-testrelease-nightly-3-cli-aarch64-apple-darwin": "0.1.0-rc",
        "pglt-testrelease-nightly-3-cli-aarch64-linux-gnu": "0.1.0-rc",
        "pglt-testrelease-nightly-3-cli-aarch64-windows-msvc": "0.1.0-rc",
        "pglt-testrelease-nightly-3-cli-x86_64-apple-darwin": "0.1.0-rc",
        "pglt-testrelease-nightly-3-cli-x86_64-linux-gnu": "0.1.0-rc",
        "pglt-testrelease-nightly-3-cli-x86_64-windows-msvc": "0.1.0-rc"
      }
    },
    "node_modules/pglt-testrelease-nightly-3-cli-aarch64-apple-darwin": {
      "version": "0.1.0-rc",
      "resolved": "https://registry.npmjs.org/pglt-testrelease-nightly-3-cli-aarch64-apple-darwin/-/pglt-testrelease-nightly-3-cli-aarch64-apple-darwin-0.1.0-rc.tgz",
      "integrity": "sha512-pa5pXpt8GLJ63gjzMcL9m12yz/OUG8LTeAN6dkgaQywrqszIvfRVLoB98ZFP1dvzYFUomyYr1NYRPDBMSRlZvA==",
      "cpu": [
        "arm64"
      ],
      "license": "MIT or Apache-2.0",
      "optional": true,
      "os": [
        "darwin"
      ],
      "engines": {
        "node": ">=20"
      }
    },
    "node_modules/pglt-testrelease-nightly-3-cli-aarch64-linux-gnu": {
      "version": "0.1.0-rc",
      "resolved": "https://registry.npmjs.org/pglt-testrelease-nightly-3-cli-aarch64-linux-gnu/-/pglt-testrelease-nightly-3-cli-aarch64-linux-gnu-0.1.0-rc.tgz",
      "integrity": "sha512-ckELeBJUzPojGMdoZv1FA1dow3fynQqt+hBZ/8YNHgKt+gYpv6zQ51kQ080upHPcUATI+2TugVni0X+97Dmenw==",
      "cpu": [
        "arm64"
      ],
      "license": "MIT or Apache-2.0",
      "optional": true,
      "os": [
        "linux"
      ],
      "engines": {
        "node": ">=20"
      }
    },
    "node_modules/pglt-testrelease-nightly-3-cli-aarch64-windows-msvc": {
      "version": "0.1.0-rc",
      "resolved": "https://registry.npmjs.org/pglt-testrelease-nightly-3-cli-aarch64-windows-msvc/-/pglt-testrelease-nightly-3-cli-aarch64-windows-msvc-0.1.0-rc.tgz",
      "integrity": "sha512-jHKkgqDXxfzcWqDjnJ4R84h8gNtBbHVFPU9mrwTIdJflNiIihcCMNVYtL8hNvlR4DANX7WQS2Y/Yaw5HPAfJVQ==",
      "cpu": [
        "arm64"
      ],
      "license": "MIT or Apache-2.0",
      "optional": true,
      "os": [
        "win32"
      ],
      "engines": {
        "node": ">=20"
      }
    },
    "node_modules/pglt-testrelease-nightly-3-cli-x86_64-apple-darwin": {
      "version": "0.1.0-rc",
      "resolved": "https://registry.npmjs.org/pglt-testrelease-nightly-3-cli-x86_64-apple-darwin/-/pglt-testrelease-nightly-3-cli-x86_64-apple-darwin-0.1.0-rc.tgz",
      "integrity": "sha512-dfyLKhQBt7NFjxR65CMUn8NIFxqNKluTiCQGqnwTH5EdZJjBF6Wsafed2NI2We6C+BEa2O7fa+F89xX2GXO+ZQ==",
      "cpu": [
        "x64"
      ],
      "license": "MIT or Apache-2.0",
      "optional": true,
      "os": [
        "darwin"
      ],
      "engines": {
        "node": ">=20"
      }
    },
    "node_modules/pglt-testrelease-nightly-3-cli-x86_64-linux-gnu": {
      "version": "0.1.0-rc",
      "resolved": "https://registry.npmjs.org/pglt-testrelease-nightly-3-cli-x86_64-linux-gnu/-/pglt-testrelease-nightly-3-cli-x86_64-linux-gnu-0.1.0-rc.tgz",
      "integrity": "sha512-23n5JQtAGZahP4u3KhqKjs2pEAiu+FZk7ctOBUw91W8w2hD7ihkP/mmFG702RuLmgNxXk46Hrn4IrswjvNLxKQ==",
      "cpu": [
        "x64"
      ],
      "license": "MIT or Apache-2.0",
      "optional": true,
      "os": [
        "linux"
      ],
      "engines": {
        "node": ">=20"
      }
    },
    "node_modules/pglt-testrelease-nightly-3-cli-x86_64-windows-msvc": {
      "version": "0.1.0-rc",
      "resolved": "https://registry.npmjs.org/pglt-testrelease-nightly-3-cli-x86_64-windows-msvc/-/pglt-testrelease-nightly-3-cli-x86_64-windows-msvc-0.1.0-rc.tgz",
      "integrity": "sha512-9lkWJ+1eb/iOlveoJxTrN6Eh3D6yUAmyAtpz9zPeL8oV9at53Aesc5O4qh7bSElOGbc7gMUL0ebEKZGrnL3ETQ==",
      "cpu": [
        "x64"
      ],
      "license": "MIT or Apache-2.0",
      "optional": true,
      "os": [
        "win32"
      ],
      "engines": {
        "node": ">=20"
      }
    }
  }
}
